
Microsoft Visual Studio Solution File, Format Version 12.00
# Visual Studio Version 16
VisualStudioVersion = 16.0.30320.27
MinimumVisualStudioVersion = 10.0.40219.1
Project("{9A19103F-16F7-4668-BE54-9A1E7A4F7556}") = "Interface", "GoFByCSharp\Interface.csproj", "{E11AE5A3-AC69-41A5-82F1-6B41AC986AAF}"
EndProject
Project("{9A19103F-16F7-4668-BE54-9A1E7A4F7556}") = "Interface_DI", "Test\Interface_DI.csproj", "{8D08B39E-84C3-4856-9932-78421627ED74}"
EndProject
Project("{9A19103F-16F7-4668-BE54-9A1E7A4F7556}") = "StrategyPattern", "StrategyPattern\StrategyPattern.csproj", "{171BB122-24D4-49BF-AEE6-AF5C12B431BE}"
EndProject
Project("{9A19103F-16F7-4668-BE54-9A1E7A4F7556}") = "SimpleFactory", "SimpleFactory\SimpleFactory.csproj", "{0592710E-75F5-40F0-B678-F514E09E0EB1}"
EndProject
Project("{9A19103F-16F7-4668-BE54-9A1E7A4F7556}") = "FactoryMethod", "AbstraceFactory\FactoryMethod.csproj", "{3CF87B13-E258-4EE9-894A-81C9C99E4A2F}"
EndProject
Project("{9A19103F-16F7-4668-BE54-9A1E7A4F7556}") = "0115", "0115\0115.csproj", "{34ED7CD8-015B-4EA9-A458-771DEF28663F}"
EndProject
Project("{FAE04EC0-301F-11D3-BF4B-00C04F79EFBC}") = "RedmineTest", "RedmineTest\RedmineTest.csproj", "{A10D3406-35C3-48FA-96FC-C9845FC642A0}"
EndProject
Project("{2150E333-8FDC-42A3-9474-1A3956D46DE8}") = "Test", "Test", "{2BC92CE9-F269-416F-BA01-E5CABBCAEF6D}"
EndProject
Project("{9A19103F-16F7-4668-BE54-9A1E7A4F7556}") = "TestPython", "TestPython\TestPython.csproj", "{B1F778BE-69EE-49E7-930A-FA359EE95B9D}"
EndProject
Project("{2150E333-8FDC-42A3-9474-1A3956D46DE8}") = "行为型模式", "行为型模式", "{695181FC-AF13-4C2E-9D64-A2CBEF259626}"
EndProject
Project("{FAE04EC0-301F-11D3-BF4B-00C04F79EFBC}") = "Observer", "EDC.DesignPattern.Observer\Observer.csproj", "{CA845BFA-825E-4F48-99F5-75EC08FE1950}"
EndProject
Project("{2150E333-8FDC-42A3-9474-1A3956D46DE8}") = "创建型模式", "创建型模式", "{718109FD-EFF1-41DC-9B21-C30F5B9E322E}"
EndProject
Project("{FAE04EC0-301F-11D3-BF4B-00C04F79EFBC}") = "SimpleFactory", "EDC.DesignPattern.SimpleFactory\SimpleFactory.csproj", "{4D75C9CA-3513-447F-8686-D2FBC00E212F}"
EndProject
Project("{FAE04EC0-301F-11D3-BF4B-00C04F79EFBC}") = "FactoryMethod", "EDC.DesignPattern.FactoryMethod\FactoryMethod.csproj", "{CEDF3F69-12FC-428D-82AB-3E67E0F8DDF7}"
EndProject
Project("{FAE04EC0-301F-11D3-BF4B-00C04F79EFBC}") = "Strategy", "EDC.DesignPattern.Strategy\Strategy.csproj", "{07CD6CFC-E324-4C06-BC3B-EFD16877CACF}"
EndProject
Project("{FAE04EC0-301F-11D3-BF4B-00C04F79EFBC}") = "TemplateMethod", "EDC.DesignPattern.TemplateMethod\TemplateMethod.csproj", "{FF989778-A40F-40C9-8C95-6F8AE2028341}"
EndProject
Project("{FAE04EC0-301F-11D3-BF4B-00C04F79EFBC}") = "State", "State\State.csproj", "{E4493DB2-FFA2-4CD3-872F-7C15F1772C17}"
EndProject
Global
	GlobalSection(SolutionConfigurationPlatforms) = preSolution
		Debug|Any CPU = Debug|Any CPU
		Release|Any CPU = Release|Any CPU
	EndGlobalSection
	GlobalSection(ProjectConfigurationPlatforms) = postSolution
		{E11AE5A3-AC69-41A5-82F1-6B41AC986AAF}.Debug|Any CPU.ActiveCfg = Debug|Any CPU
		{E11AE5A3-AC69-41A5-82F1-6B41AC986AAF}.Debug|Any CPU.Build.0 = Debug|Any CPU
		{E11AE5A3-AC69-41A5-82F1-6B41AC986AAF}.Release|Any CPU.ActiveCfg = Release|Any CPU
		{E11AE5A3-AC69-41A5-82F1-6B41AC986AAF}.Release|Any CPU.Build.0 = Release|Any CPU
		{8D08B39E-84C3-4856-9932-78421627ED74}.Debug|Any CPU.ActiveCfg = Debug|Any CPU
		{8D08B39E-84C3-4856-9932-78421627ED74}.Debug|Any CPU.Build.0 = Debug|Any CPU
		{8D08B39E-84C3-4856-9932-78421627ED74}.Release|Any CPU.ActiveCfg = Release|Any CPU
		{8D08B39E-84C3-4856-9932-78421627ED74}.Release|Any CPU.Build.0 = Release|Any CPU
		{171BB122-24D4-49BF-AEE6-AF5C12B431BE}.Debug|Any CPU.ActiveCfg = Debug|Any CPU
		{171BB122-24D4-49BF-AEE6-AF5C12B431BE}.Debug|Any CPU.Build.0 = Debug|Any CPU
		{171BB122-24D4-49BF-AEE6-AF5C12B431BE}.Release|Any CPU.ActiveCfg = Release|Any CPU
		{171BB122-24D4-49BF-AEE6-AF5C12B431BE}.Release|Any CPU.Build.0 = Release|Any CPU
		{0592710E-75F5-40F0-B678-F514E09E0EB1}.Debug|Any CPU.ActiveCfg = Debug|Any CPU
		{0592710E-75F5-40F0-B678-F514E09E0EB1}.Debug|Any CPU.Build.0 = Debug|Any CPU
		{0592710E-75F5-40F0-B678-F514E09E0EB1}.Release|Any CPU.ActiveCfg = Release|Any CPU
		{0592710E-75F5-40F0-B678-F514E09E0EB1}.Release|Any CPU.Build.0 = Release|Any CPU
		{3CF87B13-E258-4EE9-894A-81C9C99E4A2F}.Debug|Any CPU.ActiveCfg = Debug|Any CPU
		{3CF87B13-E258-4EE9-894A-81C9C99E4A2F}.Debug|Any CPU.Build.0 = Debug|Any CPU
		{3CF87B13-E258-4EE9-894A-81C9C99E4A2F}.Release|Any CPU.ActiveCfg = Release|Any CPU
		{3CF87B13-E258-4EE9-894A-81C9C99E4A2F}.Release|Any CPU.Build.0 = Release|Any CPU
		{34ED7CD8-015B-4EA9-A458-771DEF28663F}.Debug|Any CPU.ActiveCfg = Debug|Any CPU
		{34ED7CD8-015B-4EA9-A458-771DEF28663F}.Debug|Any CPU.Build.0 = Debug|Any CPU
		{34ED7CD8-015B-4EA9-A458-771DEF28663F}.Release|Any CPU.ActiveCfg = Release|Any CPU
		{34ED7CD8-015B-4EA9-A458-771DEF28663F}.Release|Any CPU.Build.0 = Release|Any CPU
		{A10D3406-35C3-48FA-96FC-C9845FC642A0}.Debug|Any CPU.ActiveCfg = Debug|Any CPU
		{A10D3406-35C3-48FA-96FC-C9845FC642A0}.Debug|Any CPU.Build.0 = Debug|Any CPU
		{A10D3406-35C3-48FA-96FC-C9845FC642A0}.Release|Any CPU.ActiveCfg = Release|Any CPU
		{A10D3406-35C3-48FA-96FC-C9845FC642A0}.Release|Any CPU.Build.0 = Release|Any CPU
		{B1F778BE-69EE-49E7-930A-FA359EE95B9D}.Debug|Any CPU.ActiveCfg = Debug|Any CPU
		{B1F778BE-69EE-49E7-930A-FA359EE95B9D}.Debug|Any CPU.Build.0 = Debug|Any CPU
		{B1F778BE-69EE-49E7-930A-FA359EE95B9D}.Release|Any CPU.ActiveCfg = Release|Any CPU
		{B1F778BE-69EE-49E7-930A-FA359EE95B9D}.Release|Any CPU.Build.0 = Release|Any CPU
		{CA845BFA-825E-4F48-99F5-75EC08FE1950}.Debug|Any CPU.ActiveCfg = Debug|Any CPU
		{CA845BFA-825E-4F48-99F5-75EC08FE1950}.Debug|Any CPU.Build.0 = Debug|Any CPU
		{CA845BFA-825E-4F48-99F5-75EC08FE1950}.Release|Any CPU.ActiveCfg = Release|Any CPU
		{CA845BFA-825E-4F48-99F5-75EC08FE1950}.Release|Any CPU.Build.0 = Release|Any CPU
		{4D75C9CA-3513-447F-8686-D2FBC00E212F}.Debug|Any CPU.ActiveCfg = Debug|Any CPU
		{4D75C9CA-3513-447F-8686-D2FBC00E212F}.Debug|Any CPU.Build.0 = Debug|Any CPU
		{4D75C9CA-3513-447F-8686-D2FBC00E212F}.Release|Any CPU.ActiveCfg = Release|Any CPU
		{4D75C9CA-3513-447F-8686-D2FBC00E212F}.Release|Any CPU.Build.0 = Release|Any CPU
		{CEDF3F69-12FC-428D-82AB-3E67E0F8DDF7}.Debug|Any CPU.ActiveCfg = Debug|Any CPU
		{CEDF3F69-12FC-428D-82AB-3E67E0F8DDF7}.Debug|Any CPU.Build.0 = Debug|Any CPU
		{CEDF3F69-12FC-428D-82AB-3E67E0F8DDF7}.Release|Any CPU.ActiveCfg = Release|Any CPU
		{CEDF3F69-12FC-428D-82AB-3E67E0F8DDF7}.Release|Any CPU.Build.0 = Release|Any CPU
		{07CD6CFC-E324-4C06-BC3B-EFD16877CACF}.Debug|Any CPU.ActiveCfg = Debug|Any CPU
		{07CD6CFC-E324-4C06-BC3B-EFD16877CACF}.Debug|Any CPU.Build.0 = Debug|Any CPU
		{07CD6CFC-E324-4C06-BC3B-EFD16877CACF}.Release|Any CPU.ActiveCfg = Release|Any CPU
		{07CD6CFC-E324-4C06-BC3B-EFD16877CACF}.Release|Any CPU.Build.0 = Release|Any CPU
		{FF989778-A40F-40C9-8C95-6F8AE2028341}.Debug|Any CPU.ActiveCfg = Debug|Any CPU
		{FF989778-A40F-40C9-8C95-6F8AE2028341}.Debug|Any CPU.Build.0 = Debug|Any CPU
		{FF989778-A40F-40C9-8C95-6F8AE2028341}.Release|Any CPU.ActiveCfg = Release|Any CPU
		{FF989778-A40F-40C9-8C95-6F8AE2028341}.Release|Any CPU.Build.0 = Release|Any CPU
		{E4493DB2-FFA2-4CD3-872F-7C15F1772C17}.Debug|Any CPU.ActiveCfg = Debug|Any CPU
		{E4493DB2-FFA2-4CD3-872F-7C15F1772C17}.Debug|Any CPU.Build.0 = Debug|Any CPU
		{E4493DB2-FFA2-4CD3-872F-7C15F1772C17}.Release|Any CPU.ActiveCfg = Release|Any CPU
		{E4493DB2-FFA2-4CD3-872F-7C15F1772C17}.Release|Any CPU.Build.0 = Release|Any CPU
	EndGlobalSection
	GlobalSection(SolutionProperties) = preSolution
		HideSolutionNode = FALSE
	EndGlobalSection
	GlobalSection(NestedProjects) = preSolution
		{B1F778BE-69EE-49E7-930A-FA359EE95B9D} = {2BC92CE9-F269-416F-BA01-E5CABBCAEF6D}
		{CA845BFA-825E-4F48-99F5-75EC08FE1950} = {695181FC-AF13-4C2E-9D64-A2CBEF259626}
		{4D75C9CA-3513-447F-8686-D2FBC00E212F} = {718109FD-EFF1-41DC-9B21-C30F5B9E322E}
		{CEDF3F69-12FC-428D-82AB-3E67E0F8DDF7} = {718109FD-EFF1-41DC-9B21-C30F5B9E322E}
		{07CD6CFC-E324-4C06-BC3B-EFD16877CACF} = {695181FC-AF13-4C2E-9D64-A2CBEF259626}
		{FF989778-A40F-40C9-8C95-6F8AE2028341} = {695181FC-AF13-4C2E-9D64-A2CBEF259626}
		{E4493DB2-FFA2-4CD3-872F-7C15F1772C17} = {695181FC-AF13-4C2E-9D64-A2CBEF259626}
	EndGlobalSection
	GlobalSection(ExtensibilityGlobals) = postSolution
		SolutionGuid = {F9C614AF-FA65-4BD6-9FA6-1CA5E79D8EB1}
	EndGlobalSection
EndGlobal
